
Microsoft Visual Studio Solution File, Format Version 12.00
# Visual Studio Version 16
VisualStudioVersion = 16.0.30907.101
MinimumVisualStudioVersion = 10.0.40219.1
Project("{8BC9CEB8-8B4A-11D0-8D11-00A0C91BC942}") = "Console3D", "Console3D\Console3D.vcxproj", "{DDB69403-11E2-4BD3-B989-0B645E00C4EB}"
EndProject
Project("{8BC9CEB8-8B4A-11D0-8D11-00A0C91BC942}") = "Utilities", "Utilities\Utilities.vcxproj", "{9C344FBF-3053-4C64-A2EE-739E310656C4}"
EndProject
Project("{8BC9CEB8-8B4A-11D0-8D11-00A0C91BC942}") = "LCNMath", "LCN_Math\LCNMath.vcxproj", "{06CBB2F2-40D6-41FF-BC48-C0458F630A96}"
EndProject
Project("{8BC9CEB8-8B4A-11D0-8D11-00A0C91BC942}") = "Console3DSandbox", "Console3DSandbox\Console3DSandbox.vcxproj", "{8B7D7BF8-B9E8-4B22-9FA4-41EE21FC4B42}"
EndProject
Project("{8BC9CEB8-8B4A-11D0-8D11-00A0C91BC942}") = "Console3DTests", "Console3DTests\Console3DTests.vcxproj", "{2FBC0A27-5A27-4C30-9F0D-7A39FD6CF0CF}"
EndProject
Project("{8BC9CEB8-8B4A-11D0-8D11-00A0C91BC942}") = "LCNCollisions", "LCN_Collisions\LCNCollisions.vcxproj", "{A2D7B2BF-B2C3-4DEF-9B17-CB0771EF455D}"
EndProject
Global
	GlobalSection(SolutionConfigurationPlatforms) = preSolution
		Debug|x64 = Debug|x64
		Debug|x86 = Debug|x86
		Release|x64 = Release|x64
		Release|x86 = Release|x86
	EndGlobalSection
	GlobalSection(ProjectConfigurationPlatforms) = postSolution
		{DDB69403-11E2-4BD3-B989-0B645E00C4EB}.Debug|x64.ActiveCfg = Debug|x64
		{DDB69403-11E2-4BD3-B989-0B645E00C4EB}.Debug|x64.Build.0 = Debug|x64
		{DDB69403-11E2-4BD3-B989-0B645E00C4EB}.Debug|x86.ActiveCfg = Debug|Win32
		{DDB69403-11E2-4BD3-B989-0B645E00C4EB}.Debug|x86.Build.0 = Debug|Win32
		{DDB69403-11E2-4BD3-B989-0B645E00C4EB}.Release|x64.ActiveCfg = Release|x64
		{DDB69403-11E2-4BD3-B989-0B645E00C4EB}.Release|x64.Build.0 = Release|x64
		{DDB69403-11E2-4BD3-B989-0B645E00C4EB}.Release|x86.ActiveCfg = Release|Win32
		{DDB69403-11E2-4BD3-B989-0B645E00C4EB}.Release|x86.Build.0 = Release|Win32
		{9C344FBF-3053-4C64-A2EE-739E310656C4}.Debug|x64.ActiveCfg = Debug|x64
		{9C344FBF-3053-4C64-A2EE-739E310656C4}.Debug|x64.Build.0 = Debug|x64
		{9C344FBF-3053-4C64-A2EE-739E310656C4}.Debug|x86.ActiveCfg = Debug|Win32
		{9C344FBF-3053-4C64-A2EE-739E310656C4}.Debug|x86.Build.0 = Debug|Win32
		{9C344FBF-3053-4C64-A2EE-739E310656C4}.Release|x64.ActiveCfg = Release|x64
		{9C344FBF-3053-4C64-A2EE-739E310656C4}.Release|x64.Build.0 = Release|x64
		{9C344FBF-3053-4C64-A2EE-739E310656C4}.Release|x86.ActiveCfg = Release|Win32
		{9C344FBF-3053-4C64-A2EE-739E310656C4}.Release|x86.Build.0 = Release|Win32
		{06CBB2F2-40D6-41FF-BC48-C0458F630A96}.Debug|x64.ActiveCfg = Debug|x64
		{06CBB2F2-40D6-41FF-BC48-C0458F630A96}.Debug|x64.Build.0 = Debug|x64
		{06CBB2F2-40D6-41FF-BC48-C0458F630A96}.Debug|x86.ActiveCfg = Debug|Win32
		{06CBB2F2-40D6-41FF-BC48-C0458F630A96}.Debug|x86.Build.0 = Debug|Win32
		{06CBB2F2-40D6-41FF-BC48-C0458F630A96}.Release|x64.ActiveCfg = Release|x64
		{06CBB2F2-40D6-41FF-BC48-C0458F630A96}.Release|x64.Build.0 = Release|x64
		{06CBB2F2-40D6-41FF-BC48-C0458F630A96}.Release|x86.ActiveCfg = Release|Win32
		{06CBB2F2-40D6-41FF-BC48-C0458F630A96}.Release|x86.Build.0 = Release|Win32
		{8B7D7BF8-B9E8-4B22-9FA4-41EE21FC4B42}.Debug|x64.ActiveCfg = Debug|x64
		{8B7D7BF8-B9E8-4B22-9FA4-41EE21FC4B42}.Debug|x64.Build.0 = Debug|x64
		{8B7D7BF8-B9E8-4B22-9FA4-41EE21FC4B42}.Debug|x86.ActiveCfg = Debug|Win32
		{8B7D7BF8-B9E8-4B22-9FA4-41EE21FC4B42}.Debug|x86.Build.0 = Debug|Win32
		{8B7D7BF8-B9E8-4B22-9FA4-41EE21FC4B42}.Release|x64.ActiveCfg = Release|x64
		{8B7D7BF8-B9E8-4B22-9FA4-41EE21FC4B42}.Release|x64.Build.0 = Release|x64
		{8B7D7BF8-B9E8-4B22-9FA4-41EE21FC4B42}.Release|x86.ActiveCfg = Release|Win32
		{8B7D7BF8-B9E8-4B22-9FA4-41EE21FC4B42}.Release|x86.Build.0 = Release|Win32
		{2FBC0A27-5A27-4C30-9F0D-7A39FD6CF0CF}.Debug|x64.ActiveCfg = Debug|x64
		{2FBC0A27-5A27-4C30-9F0D-7A39FD6CF0CF}.Debug|x64.Build.0 = Debug|x64
		{2FBC0A27-5A27-4C30-9F0D-7A39FD6CF0CF}.Debug|x86.ActiveCfg = Debug|Win32
		{2FBC0A27-5A27-4C30-9F0D-7A39FD6CF0CF}.Debug|x86.Build.0 = Debug|Win32
		{2FBC0A27-5A27-4C30-9F0D-7A39FD6CF0CF}.Release|x64.ActiveCfg = Release|x64
		{2FBC0A27-5A27-4C30-9F0D-7A39FD6CF0CF}.Release|x64.Build.0 = Release|x64
		{2FBC0A27-5A27-4C30-9F0D-7A39FD6CF0CF}.Release|x86.ActiveCfg = Release|Win32
		{2FBC0A27-5A27-4C30-9F0D-7A39FD6CF0CF}.Release|x86.Build.0 = Release|Win32
		{A2D7B2BF-B2C3-4DEF-9B17-CB0771EF455D}.Debug|x64.ActiveCfg = Debug|x64
		{A2D7B2BF-B2C3-4DEF-9B17-CB0771EF455D}.Debug|x64.Build.0 = Debug|x64
		{A2D7B2BF-B2C3-4DEF-9B17-CB0771EF455D}.Debug|x86.ActiveCfg = Debug|Win32
		{A2D7B2BF-B2C3-4DEF-9B17-CB0771EF455D}.Debug|x86.Build.0 = Debug|Win32
		{A2D7B2BF-B2C3-4DEF-9B17-CB0771EF455D}.Release|x64.ActiveCfg = Release|x64
		{A2D7B2BF-B2C3-4DEF-9B17-CB0771EF455D}.Release|x64.Build.0 = Release|x64
		{A2D7B2BF-B2C3-4DEF-9B17-CB0771EF455D}.Release|x86.ActiveCfg = Release|Win32
		{A2D7B2BF-B2C3-4DEF-9B17-CB0771EF455D}.Release|x86.Build.0 = Release|Win32
	EndGlobalSection
	GlobalSection(SolutionProperties) = preSolution
		HideSolutionNode = FALSE
	EndGlobalSection
	GlobalSection(ExtensibilityGlobals) = postSolution
		SolutionGuid = {8DAF2E7B-AAF5-4DFB-A523-510CBDBFE1DA}
	EndGlobalSection
EndGlobal
